
Microsoft Visual Studio Solution File, Format Version 12.00
# Visual Studio Version 17
VisualStudioVersion = 17.14.36811.4
MinimumVisualStudioVersion = 10.0.40219.1
Project("{FAE04EC0-301F-11D3-BF4B-00C04F79EFBC}") = "AvaloniaERP.Win", "AvaloniaERP.Win\AvaloniaERP.Win.csproj", "{0C598736-86F8-47F2-95A1-1912861A0D8D}"
EndProject
Project("{FAE04EC0-301F-11D3-BF4B-00C04F79EFBC}") = "AvaloniaERP.Core", "AvaloniaERP.Core\AvaloniaERP.Core.csproj", "{17A165A5-6D7E-44B0-86BA-EC9721A8CFD1}"
EndProject
Global
	GlobalSection(SolutionConfigurationPlatforms) = preSolution
		Debug|Any CPU = Debug|Any CPU
		Release|Any CPU = Release|Any CPU
	EndGlobalSection
	GlobalSection(ProjectConfigurationPlatforms) = postSolution
		{0C598736-86F8-47F2-95A1-1912861A0D8D}.Debug|Any CPU.ActiveCfg = Debug|Any CPU
		{0C598736-86F8-47F2-95A1-1912861A0D8D}.Debug|Any CPU.Build.0 = Debug|Any CPU
		{0C598736-86F8-47F2-95A1-1912861A0D8D}.Release|Any CPU.ActiveCfg = Release|Any CPU
		{0C598736-86F8-47F2-95A1-1912861A0D8D}.Release|Any CPU.Build.0 = Release|Any CPU
		{17A165A5-6D7E-44B0-86BA-EC9721A8CFD1}.Debug|Any CPU.ActiveCfg = Debug|Any CPU
		{17A165A5-6D7E-44B0-86BA-EC9721A8CFD1}.Debug|Any CPU.Build.0 = Debug|Any CPU
		{17A165A5-6D7E-44B0-86BA-EC9721A8CFD1}.Release|Any CPU.ActiveCfg = Release|Any CPU
		{17A165A5-6D7E-44B0-86BA-EC9721A8CFD1}.Release|Any CPU.Build.0 = Release|Any CPU
	EndGlobalSection
	GlobalSection(SolutionProperties) = preSolution
		HideSolutionNode = FALSE
	EndGlobalSection
	GlobalSection(ExtensibilityGlobals) = postSolution
		SolutionGuid = {61193742-831D-44EF-9679-BE8F4EEC7E17}
	EndGlobalSection
EndGlobal
